
Microsoft Visual Studio Solution File, Format Version 12.00
Project("{FAE04EC0-301F-11D3-BF4B-00C04F79EFBC}") = "reception", "reception\reception.csproj", "{5BCA9E6A-348A-483F-9EB1-20ED3D63331B}"
EndProject
Project("{2150E333-8FDC-42A3-9474-1A3956D46DE8}") = "Solution Items", "Solution Items", "{04D02430-1FBE-47B3-A77C-347AEE5A43DE}"
	ProjectSection(SolutionItems) = preProject
		docker-compose.yml = docker-compose.yml
	EndProjectSection
EndProject
Project("{FAE04EC0-301F-11D3-BF4B-00C04F79EFBC}") = "DataAccessLayer", "DataAccessLayer\DataAccessLayer.csproj", "{FF2F3105-428F-42F5-980A-2940A394B686}"
EndProject
Project("{FAE04EC0-301F-11D3-BF4B-00C04F79EFBC}") = "Infrastructure", "Infrastructure\Infrastructure.csproj", "{A96DA686-52F9-4528-B29A-C3A1408DDFB2}"
EndProject
Project("{FAE04EC0-301F-11D3-BF4B-00C04F79EFBC}") = "DAL.Psql.Migrations", "DAL.Psql.Migrations\DAL.Psql.Migrations.csproj", "{2A7FC371-8E06-4788-9AA8-CD1191BD29A0}"
EndProject
Global
	GlobalSection(SolutionConfigurationPlatforms) = preSolution
		Debug|Any CPU = Debug|Any CPU
		Release|Any CPU = Release|Any CPU
	EndGlobalSection
	GlobalSection(ProjectConfigurationPlatforms) = postSolution
		{5BCA9E6A-348A-483F-9EB1-20ED3D63331B}.Debug|Any CPU.ActiveCfg = Debug|Any CPU
		{5BCA9E6A-348A-483F-9EB1-20ED3D63331B}.Debug|Any CPU.Build.0 = Debug|Any CPU
		{5BCA9E6A-348A-483F-9EB1-20ED3D63331B}.Release|Any CPU.ActiveCfg = Release|Any CPU
		{5BCA9E6A-348A-483F-9EB1-20ED3D63331B}.Release|Any CPU.Build.0 = Release|Any CPU
		{FF2F3105-428F-42F5-980A-2940A394B686}.Debug|Any CPU.ActiveCfg = Debug|Any CPU
		{FF2F3105-428F-42F5-980A-2940A394B686}.Debug|Any CPU.Build.0 = Debug|Any CPU
		{FF2F3105-428F-42F5-980A-2940A394B686}.Release|Any CPU.ActiveCfg = Release|Any CPU
		{FF2F3105-428F-42F5-980A-2940A394B686}.Release|Any CPU.Build.0 = Release|Any CPU
		{A96DA686-52F9-4528-B29A-C3A1408DDFB2}.Debug|Any CPU.ActiveCfg = Debug|Any CPU
		{A96DA686-52F9-4528-B29A-C3A1408DDFB2}.Debug|Any CPU.Build.0 = Debug|Any CPU
		{A96DA686-52F9-4528-B29A-C3A1408DDFB2}.Release|Any CPU.ActiveCfg = Release|Any CPU
		{A96DA686-52F9-4528-B29A-C3A1408DDFB2}.Release|Any CPU.Build.0 = Release|Any CPU
		{2A7FC371-8E06-4788-9AA8-CD1191BD29A0}.Debug|Any CPU.ActiveCfg = Debug|Any CPU
		{2A7FC371-8E06-4788-9AA8-CD1191BD29A0}.Debug|Any CPU.Build.0 = Debug|Any CPU
		{2A7FC371-8E06-4788-9AA8-CD1191BD29A0}.Release|Any CPU.ActiveCfg = Release|Any CPU
		{2A7FC371-8E06-4788-9AA8-CD1191BD29A0}.Release|Any CPU.Build.0 = Release|Any CPU
	EndGlobalSection
EndGlobal
